// !$*UTF8*$!
{
	archiveVersion = 1;
	classes = {
	};
	objectVersion = 50;
	objects = {

/* Begin PBXBuildFile section */
		365F0C80244E74630088FA41 /* AppDelegate.swift in Sources */ = {isa = PBXBuildFile; fileRef = 365F0C7F244E74630088FA41 /* AppDelegate.swift */; };
		365F0C82244E74630088FA41 /* SceneDelegate.swift in Sources */ = {isa = PBXBuildFile; fileRef = 365F0C81244E74630088FA41 /* SceneDelegate.swift */; };
		365F0C84244E74630088FA41 /* ViewController.swift in Sources */ = {isa = PBXBuildFile; fileRef = 365F0C83244E74630088FA41 /* ViewController.swift */; };
		365F0C87244E74630088FA41 /* Main.storyboard in Resources */ = {isa = PBXBuildFile; fileRef = 365F0C85244E74630088FA41 /* Main.storyboard */; };
		365F0C89244E74640088FA41 /* Assets.xcassets in Resources */ = {isa = PBXBuildFile; fileRef = 365F0C88244E74640088FA41 /* Assets.xcassets */; };
		365F0C8C244E74640088FA41 /* LaunchScreen.storyboard in Resources */ = {isa = PBXBuildFile; fileRef = 365F0C8A244E74640088FA41 /* LaunchScreen.storyboard */; };
/* End PBXBuildFile section */

/* Begin PBXFileReference section */
		365F0C7C244E74630088FA41 /* Assignments.app */ = {isa = PBXFileReference; explicitFileType = wrapper.application; includeInIndex = 0; path = Assignments.app; sourceTree = BUILT_PRODUCTS_DIR; };
		365F0C7F244E74630088FA41 /* AppDelegate.swift */ = {isa = PBXFileReference; lastKnownFileType = sourcecode.swift; path = AppDelegate.swift; sourceTree = "<group>"; };
		365F0C81244E74630088FA41 /* SceneDelegate.swift */ = {isa = PBXFileReference; lastKnownFileType = sourcecode.swift; path = SceneDelegate.swift; sourceTree = "<group>"; };
		365F0C83244E74630088FA41 /* ViewController.swift */ = {isa = PBXFileReference; lastKnownFileType = sourcecode.swift; path = ViewController.swift; sourceTree = "<group>"; };
		365F0C86244E74630088FA41 /* Base */ = {isa = PBXFileReference; lastKnownFileType = file.storyboard; name = Base; path = Base.lproj/Main.storyboard; sourceTree = "<group>"; };
		365F0C88244E74640088FA41 /* Assets.xcassets */ = {isa = PBXFileReference; lastKnownFileType = folder.assetcatalog; path = Assets.xcassets; sourceTree = "<group>"; };
		365F0C8B244E74640088FA41 /* Base */ = {isa = PBXFileReference; lastKnownFileType = file.storyboard; name = Base; path = Base.lproj/LaunchScreen.storyboard; sourceTree = "<group>"; };
		365F0C8D244E74640088FA41 /* Info.plist */ = {isa = PBXFileReference; lastKnownFileType = text.plist.xml; path = Info.plist; sourceTree = "<group>"; };
/* End PBXFileReference section */

/* Begin PBXFrameworksBuildPhase section */
		365F0C79244E74630088FA41 /* Frameworks */ = {
			isa = PBXFrameworksBuildPhase;
			buildActionMask = 2147483647;
			files = (
			);
			runOnlyForDeploymentPostprocessing = 0;
		};
/* End PBXFrameworksBuildPhase section */

/* Begin PBXGroup section */
		365F0C73244E74630088FA41 = {
			isa = PBXGroup;
			children = (
				365F0C7E244E74630088FA41 /* Assignments */,
				365F0C7D244E74630088FA41 /* Products */,
			);
			sourceTree = "<group>";
		};
		365F0C7D244E74630088FA41 /* Products */ = {
			isa = PBXGroup;
			children = (
				365F0C7C244E74630088FA41 /* Assignments.app */,
			);
			name = Products;
			sourceTree = "<group>";
		};
		365F0C7E244E74630088FA41 /* Assignments */ = {
			isa = PBXGroup;
			children = (
				365F0C7F244E74630088FA41 /* AppDelegate.swift */,
				365F0C81244E74630088FA41 /* SceneDelegate.swift */,
				365F0C83244E74630088FA41 /* ViewController.swift */,
				365F0C85244E74630088FA41 /* Main.storyboard */,
				365F0C88244E74640088FA41 /* Assets.xcassets */,
				365F0C8A244E74640088FA41 /* LaunchScreen.storyboard */,
				365F0C8D244E74640088FA41 /* Info.plist */,
			);
			path = Assignments;
			sourceTree = "<group>";
		};
/* End PBXGroup section */

/* Begin PBXNativeTarget section */
		365F0C7B244E74630088FA41 /* Assignments */ = {
			isa = PBXNativeTarget;
			buildConfigurationList = 365F0C90244E74640088FA41 /* Build configuration list for PBXNativeTarget "Assignments" */;
			buildPhases = (
				365F0C78244E74630088FA41 /* Sources */,
				365F0C79244E74630088FA41 /* Frameworks */,
				365F0C7A244E74630088FA41 /* Resources */,
			);
			buildRules = (
			);
			dependencies = (
			);
			name = Assignments;
			productName = Assignments;
			productReference = 365F0C7C244E74630088FA41 /* Assignments.app */;
			productType = "com.apple.product-type.application";
		};
/* End PBXNativeTarget section */

/* Begin PBXProject section */
		365F0C74244E74630088FA41 /* Project object */ = {
			isa = PBXProject;
			attributes = {
				LastSwiftUpdateCheck = 1140;
				LastUpgradeCheck = 1140;
				ORGANIZATIONNAME = "Tyler Burgee";
				TargetAttributes = {
					365F0C7B244E74630088FA41 = {
						CreatedOnToolsVersion = 11.4;
					};
				};
			};
			buildConfigurationList = 365F0C77244E74630088FA41 /* Build configuration list for PBXProject "Assignments" */;
			compatibilityVersion = "Xcode 9.3";
			developmentRegion = en;
			hasScannedForEncodings = 0;
			knownRegions = (
				en,
				Base,
			);
			mainGroup = 365F0C73244E74630088FA41;
			productRefGroup = 365F0C7D244E74630088FA41 /* Products */;
			projectDirPath = "";
			projectRoot = "";
			targets = (
				365F0C7B244E74630088FA41 /* Assignments */,
			);
		};
/* End PBXProject section */

/* Begin PBXResourcesBuildPhase section */
		365F0C7A244E74630088FA41 /* Resources */ = {
			isa = PBXResourcesBuildPhase;
			buildActionMask = 2147483647;
			files = (
				365F0C8C244E74640088FA41 /* LaunchScreen.storyboard in Resources */,
				365F0C89244E74640088FA41 /* Assets.xcassets in Resources */,
				365F0C87244E74630088FA41 /* Main.storyboard in Resources */,
			);
			runOnlyForDeploymentPostprocessing = 0;
		};
/* End PBXResourcesBuildPhase section */

/* Begin PBXSourcesBuildPhase section */
		365F0C78244E74630088FA41 /* Sources */ = {
			isa = PBXSourcesBuildPhase;
			buildActionMask = 2147483647;
			files = (
				365F0C84244E74630088FA41 /* ViewController.swift in Sources */,
				365F0C80244E74630088FA41 /* AppDelegate.swift in Sources */,
				365F0C82244E74630088FA41 /* SceneDelegate.swift in Sources */,
			);
			runOnlyForDeploymentPostprocessing = 0;
		};
/* End PBXSourcesBuildPhase section */

/* Begin PBXVariantGroup section */
		365F0C85244E74630088FA41 /* Main.storyboard */ = {
			isa = PBXVariantGroup;
			children = (
				365F0C86244E74630088FA41 /* Base */,
			);
			name = Main.storyboard;
			sourceTree = "<group>";
		};
		365F0C8A244E74640088FA41 /* LaunchScreen.storyboard */ = {
			isa = PBXVariantGroup;
			children = (
				365F0C8B244E74640088FA41 /* Base */,
			);
			name = LaunchScreen.storyboard;
			sourceTree = "<group>";
		};
/* End PBXVariantGroup section */

/* Begin XCBuildConfiguration section */
		365F0C8E244E74640088FA41 /* Debug */ = {
			isa = XCBuildConfiguration;
			buildSettings = {
				ALWAYS_SEARCH_USER_PATHS = NO;
				CLANG_ANALYZER_NONNULL = YES;
				CLANG_ANALYZER_NUMBER_OBJECT_CONVERSION = YES_AGGRESSIVE;
				CLANG_CXX_LANGUAGE_STANDARD = "gnu++14";
				CLANG_CXX_LIBRARY = "libc++";
				CLANG_ENABLE_MODULES = YES;
				CLANG_ENABLE_OBJC_ARC = YES;
				CLANG_ENABLE_OBJC_WEAK = YES;
				CLANG_WARN_BLOCK_CAPTURE_AUTORELEASING = YES;
				CLANG_WARN_BOOL_CONVERSION = YES;
				CLANG_WARN_COMMA = YES;
				CLANG_WARN_CONSTANT_CONVERSION = YES;
				CLANG_WARN_DEPRECATED_OBJC_IMPLEMENTATIONS = YES;
				CLANG_WARN_DIRECT_OBJC_ISA_USAGE = YES_ERROR;
				CLANG_WARN_DOCUMENTATION_COMMENTS = YES;
				CLANG_WARN_EMPTY_BODY = YES;
				CLANG_WARN_ENUM_CONVERSION = YES;
				CLANG_WARN_INFINITE_RECURSION = YES;
				CLANG_WARN_INT_CONVERSION = YES;
				CLANG_WARN_NON_LITERAL_NULL_CONVERSION = YES;
				CLANG_WARN_OBJC_IMPLICIT_RETAIN_SELF = YES;
				CLANG_WARN_OBJC_LITERAL_CONVERSION = YES;
				CLANG_WARN_OBJC_ROOT_CLASS = YES_ERROR;
				CLANG_WARN_RANGE_LOOP_ANALYSIS = YES;
				CLANG_WARN_STRICT_PROTOTYPES = YES;
				CLANG_WARN_SUSPICIOUS_MOVE = YES;
				CLANG_WARN_UNGUARDED_AVAILABILITY = YES_AGGRESSIVE;
				CLANG_WARN_UNREACHABLE_CODE = YES;
				CLANG_WARN__DUPLICATE_METHOD_MATCH = YES;
				COPY_PHASE_STRIP = NO;
				DEBUG_INFORMATION_FORMAT = dwarf;
				ENABLE_STRICT_OBJC_MSGSEND = YES;
				ENABLE_TESTABILITY = YES;
				GCC_C_LANGUAGE_STANDARD = gnu11;
				GCC_DYNAMIC_NO_PIC = NO;
				GCC_NO_COMMON_BLOCKS = YES;
				GCC_OPTIMIZATION_LEVEL = 0;
				GCC_PREPROCESSOR_DEFINITIONS = (
					"DEBUG=1",
					"$(inherited)",
				);
				GCC_WARN_64_TO_32_BIT_CONVERSION = YES;
				GCC_WARN_ABOUT_RETURN_TYPE = YES_ERROR;
				GCC_WARN_UNDECLARED_SELECTOR = YES;
				GCC_WARN_UNINITIALIZED_AUTOS = YES_AGGRESSIVE;
				GCC_WARN_UNUSED_FUNCTION = YES;
				GCC_WARN_UNUSED_VARIABLE = YES;
				IPHONEOS_DEPLOYMENT_TARGET = 13.4;
				MTL_ENABLE_DEBUG_INFO = INCLUDE_SOURCE;
				MTL_FAST_MATH = YES;
				ONLY_ACTIVE_ARCH = YES;
				SDKROOT = iphoneos;
				SWIFT_ACTIVE_COMPILATION_CONDITIONS = DEBUG;
				SWIFT_OPTIMIZATION_LEVEL = "-Onone";
			};
			name = Debug;
		};
		365F0C8F244E74640088FA41 /* Release */ = {
			isa = XCBuildConfiguration;
			buildSettings = {
				ALWAYS_SEARCH_USER_PATHS = NO;
				CLANG_ANALYZER_NONNULL = YES;
				CLANG_ANALYZER_NUMBER_OBJECT_CONVERSION = YES_AGGRESSIVE;
				CLANG_CXX_LANGUAGE_STANDARD = "gnu++14";
				CLANG_CXX_LIBRARY = "libc++";
				CLANG_ENABLE_MODULES = YES;
				CLANG_ENABLE_OBJC_ARC = YES;
				CLANG_ENABLE_OBJC_WEAK = YES;
				CLANG_WARN_BLOCK_CAPTURE_AUTORELEASING = YES;
				CLANG_WARN_BOOL_CONVERSION = YES;
				CLANG_WARN_COMMA = YES;
				CLANG_WARN_CONSTANT_CONVERSION = YES;
				CLANG_WARN_DEPRECATED_OBJC_IMPLEMENTATIONS = YES;
				CLANG_WARN_DIRECT_OBJC_ISA_USAGE = YES_ERROR;
				CLANG_WARN_DOCUMENTATION_COMMENTS = YES;
				CLANG_WARN_EMPTY_BODY = YES;
				CLANG_WARN_ENUM_CONVERSION = YES;
				CLANG_WARN_INFINITE_RECURSION = YES;
				CLANG_WARN_INT_CONVERSION = YES;
				CLANG_WARN_NON_LITERAL_NULL_CONVERSION = YES;
				CLANG_WARN_OBJC_IMPLICIT_RETAIN_SELF = YES;
				CLANG_WARN_OBJC_LITERAL_CONVERSION = YES;
				CLANG_WARN_OBJC_ROOT_CLASS = YES_ERROR;
				CLANG_WARN_RANGE_LOOP_ANALYSIS = YES;
				CLANG_WARN_STRICT_PROTOTYPES = YES;
				CLANG_WARN_SUSPICIOUS_MOVE = YES;
				CLANG_WARN_UNGUARDED_AVAILABILITY = YES_AGGRESSIVE;
				CLANG_WARN_UNREACHABLE_CODE = YES;
				CLANG_WARN__DUPLICATE_METHOD_MATCH = YES;
				COPY_PHASE_STRIP = NO;
				DEBUG_INFORMATION_FORMAT = "dwarf-with-dsym";
				ENABLE_NS_ASSERTIONS = NO;
				ENABLE_STRICT_OBJC_MSGSEND = YES;
				GCC_C_LANGUAGE_STANDARD = gnu11;
				GCC_NO_COMMON_BLOCKS = YES;
				GCC_WARN_64_TO_32_BIT_CONVERSION = YES;
				GCC_WARN_ABOUT_RETURN_TYPE = YES_ERROR;
				GCC_WARN_UNDECLARED_SELECTOR = YES;
				GCC_WARN_UNINITIALIZED_AUTOS = YES_AGGRESSIVE;
				GCC_WARN_UNUSED_FUNCTION = YES;
				GCC_WARN_UNUSED_VARIABLE = YES;
				IPHONEOS_DEPLOYMENT_TARGET = 13.4;
				MTL_ENABLE_DEBUG_INFO = NO;
				MTL_FAST_MATH = YES;
				SDKROOT = iphoneos;
				SWIFT_COMPILATION_MODE = wholemodule;
				SWIFT_OPTIMIZATION_LEVEL = "-O";
				VALIDATE_PRODUCT = YES;
			};
			name = Release;
		};
		365F0C91244E74640088FA41 /* Debug */ = {
			isa = XCBuildConfiguration;
			buildSettings = {
				ASSETCATALOG_COMPILER_APPICON_NAME = AppIcon;
				CODE_SIGN_STYLE = Automatic;
				DEVELOPMENT_TEAM = Y3HL4H9SBU;
				INFOPLIST_FILE = Assignments/Info.plist;
				LD_RUNPATH_SEARCH_PATHS = (
					"$(inherited)",
					"@executable_path/Frameworks",
				);
				PRODUCT_BUNDLE_IDENTIFIER = com.tylerburgee.Assignments;
				PRODUCT_NAME = "$(TARGET_NAME)";
				SWIFT_VERSION = 5.0;
				TARGETED_DEVICE_FAMILY = "1,2";
			};
			name = Debug;
		};
		365F0C92244E74640088FA41 /* Release */ = {
			isa = XCBuildConfiguration;
			buildSettings = {
				ASSETCATALOG_COMPILER_APPICON_NAME = AppIcon;
				CODE_SIGN_STYLE = Automatic;
				DEVELOPMENT_TEAM = Y3HL4H9SBU;
				INFOPLIST_FILE = Assignments/Info.plist;
				LD_RUNPATH_SEARCH_PATHS = (
					"$(inherited)",
					"@executable_path/Frameworks",
				);
				PRODUCT_BUNDLE_IDENTIFIER = com.tylerburgee.Assignments;
				PRODUCT_NAME = "$(TARGET_NAME)";
				SWIFT_VERSION = 5.0;
				TARGETED_DEVICE_FAMILY = "1,2";
			};
			name = Release;
		};
/* End XCBuildConfiguration section */

/* Begin XCConfigurationList section */
		365F0C77244E74630088FA41 /* Build configuration list for PBXProject "Assignments" */ = {
			isa = XCConfigurationList;
			buildConfigurations = (
				365F0C8E244E74640088FA41 /* Debug */,
				365F0C8F244E74640088FA41 /* Release */,
			);
			defaultConfigurationIsVisible = 0;
			defaultConfigurationName = Release;
		};
		365F0C90244E74640088FA41 /* Build configuration list for PBXNativeTarget "Assignments" */ = {
			isa = XCConfigurationList;
			buildConfigurations = (
				365F0C91244E74640088FA41 /* Debug */,
				365F0C92244E74640088FA41 /* Release */,
			);
			defaultConfigurationIsVisible = 0;
			defaultConfigurationName = Release;
		};
/* End XCConfigurationList section */
	};
	rootObject = 365F0C74244E74630088FA41 /* Project object */;
}
